
Microsoft Visual Studio Solution File, Format Version 10.00
# Visual Studio 2008
Project("{FAE04EC0-301F-11D3-BF4B-00C04F79EFBC}") = "ManagedMenuAddInAdaptersRelease", "ManagedMenuAddInAdapters\ManagedMenuAddInAdaptersRelease.csproj", "{DE9B952E-53CB-41E3-9D8D-31673642B56D}"
EndProject
Project("{FAE04EC0-301F-11D3-BF4B-00C04F79EFBC}") = "ManagedMenuAddInViewsRelease", "ManagedMenuAddInViews\ManagedMenuAddInViewsRelease.csproj", "{72CB31A6-2E61-43E1-91FB-28F4945FAD9B}"
EndProject
Project("{FAE04EC0-301F-11D3-BF4B-00C04F79EFBC}") = "ManagedMenuContracts", "ManagedMenuContracts\ManagedMenuContracts.csproj", "{B4F6032A-AB93-4601-BBBA-4B784152E84D}"
EndProject
Project("{FAE04EC0-301F-11D3-BF4B-00C04F79EFBC}") = "ManagedMenuHostRelease", "ManagedMenuHost\ManagedMenuHostRelease.csproj", "{0C14523F-14FD-45C3-99E4-9B5B8157B720}"
EndProject
Project("{FAE04EC0-301F-11D3-BF4B-00C04F79EFBC}") = "ManagedMenuHostAdaptersRelease", "ManagedMenuHostAdapters\ManagedMenuHostAdaptersRelease.csproj", "{37D2850B-9377-48D7-AE49-818EE6A3EBE7}"
EndProject
Project("{FAE04EC0-301F-11D3-BF4B-00C04F79EFBC}") = "ManagedMenuHostViewsRelease", "ManagedMenuHostViews\ManagedMenuHostViewsRelease.csproj", "{2EE7C4ED-EC99-4821-A280-B72D58C9EA6F}"
EndProject
Project("{FAE04EC0-301F-11D3-BF4B-00C04F79EFBC}") = "ManagedMenuVS2008Release", "ManagedMenuVS2008\ManagedMenuVS2008Release.csproj", "{B7590312-1AAD-4D7A-9B3E-70444B463DCA}"
EndProject
Project("{FAE04EC0-301F-11D3-BF4B-00C04F79EFBC}") = "ManagedMenuAddInSample1Release", "ManagedMenuAddInSample1\ManagedMenuAddInSample1Release.csproj", "{3DB999F5-2162-4056-BC68-E06228FF8B9F}"
EndProject
Project("{FAE04EC0-301F-11D3-BF4B-00C04F79EFBC}") = "ManagedMenuAddInSample2Release", "ManagedMenuAddInSample2\ManagedMenuAddInSample2Release.csproj", "{C15D1F83-3468-4398-A33F-0B4F00A325CA}"
EndProject
Project("{FAE04EC0-301F-11D3-BF4B-00C04F79EFBC}") = "AddInManagerWinForm", "ManagedMenuAddInManagerWinForm\AddInManagerWinForm.csproj", "{0846235E-C888-4C90-B958-F5BE24385ED4}"
EndProject
Project("{2150E333-8FDC-42A3-9474-1A3956D46DE8}") = "Lib", "Lib", "{984FAC14-24E2-4EB8-A233-0DA394E117EE}"
	ProjectSection(SolutionItems) = preProject
		Lib\jern.pfx = Lib\jern.pfx
	EndProjectSection
EndProject
Project("{54435603-DBB4-11D2-8724-00A0C9A8B90C}") = "ManagedMenuExtensionsSetup", "ManagedMenuExtensionsSetup\ManagedMenuExtensionsSetup.vdproj", "{1119DF67-846C-4375-AE3E-489F733C25C6}"
EndProject
Project("{54435603-DBB4-11D2-8724-00A0C9A8B90C}") = "ManagedMenuVS2008Setup", "ManagedMenuVS2008Setup\ManagedMenuVS2008Setup.vdproj", "{4EBC4DC2-5B01-4893-8AAD-8E2E40C7C435}"
EndProject
Project("{54435603-DBB4-11D2-8724-00A0C9A8B90C}") = "ManagedMenuAddInSamplesSetup", "ManagedMenuAddInSamplesSetup\ManagedMenuAddInSamplesSetup.vdproj", "{9B8E02FD-087F-476F-A04A-5C6E8A874C21}"
EndProject
Project("{2150E333-8FDC-42A3-9474-1A3956D46DE8}") = "Documents", "Documents", "{F4C9A7B9-D566-4A52-BBD9-E42AAD0043EF}"
	ProjectSection(SolutionItems) = preProject
		Lib\Documents\readme.txt = Lib\Documents\readme.txt
	EndProjectSection
EndProject
Project("{2150E333-8FDC-42A3-9474-1A3956D46DE8}") = "Images", "Images", "{58D905EB-B2A4-43BD-918A-5FE7F2899AA8}"
	ProjectSection(SolutionItems) = preProject
		Lib\Images\MMEGear.ico = Lib\Images\MMEGear.ico
		Lib\Images\MMEGear.jpg = Lib\Images\MMEGear.jpg
		Lib\Images\MMEGear16.ico = Lib\Images\MMEGear16.ico
		Lib\Images\MMEGear24.ico = Lib\Images\MMEGear24.ico
		Lib\Images\MMEGear32.ico = Lib\Images\MMEGear32.ico
		Lib\Images\MMEGear48.ico = Lib\Images\MMEGear48.ico
		Lib\Images\MMEGear64.ico = Lib\Images\MMEGear64.ico
		Lib\Images\MMEL.jpg = Lib\Images\MMEL.jpg
		Lib\Images\MMES.jpg = Lib\Images\MMES.jpg
		Lib\Images\MMESS.ico = Lib\Images\MMESS.ico
		Lib\Images\MMESS.jpg = Lib\Images\MMESS.jpg
		Lib\Images\MMESS16.ico = Lib\Images\MMESS16.ico
		Lib\Images\MMESS24.ico = Lib\Images\MMESS24.ico
		Lib\Images\MMESS32.ico = Lib\Images\MMESS32.ico
		Lib\Images\MMESS48.ico = Lib\Images\MMESS48.ico
		Lib\Images\MMESS64.ico = Lib\Images\MMESS64.ico
		Lib\Images\MMExtArchitecture.JPG = Lib\Images\MMExtArchitecture.JPG
	EndProjectSection
EndProject
Project("{FAE04EC0-301F-11D3-BF4B-00C04F79EFBC}") = "ManagedMenuAddInSamplesInstaller", "ManagedMenuAddInSamplesInstaller\ManagedMenuAddInSamplesInstaller.csproj", "{B548B932-080F-480B-8AEA-290D108F68FE}"
EndProject
Project("{2150E333-8FDC-42A3-9474-1A3956D46DE8}") = "SetupDialogs", "SetupDialogs", "{1C69CDB1-7E14-4562-BA30-5795EEF6C5B6}"
	ProjectSection(SolutionItems) = preProject
		Lib\SetupDialogs\1033.zip = Lib\SetupDialogs\1033.zip
		Lib\SetupDialogs\readme.txt = Lib\SetupDialogs\readme.txt
	EndProjectSection
EndProject
Project("{FAE04EC0-301F-11D3-BF4B-00C04F79EFBC}") = "ManagedMenuAddInSampleXMLExtractOfClassFileRelease", "ManagedMenuAddInSampleXMLExtractOfClassFile\ManagedMenuAddInSampleXMLExtractOfClassFileRelease.csproj", "{81B70707-65B7-4C3F-BB72-4EE1C8E3E07C}"
EndProject
Global
	GlobalSection(SolutionConfigurationPlatforms) = preSolution
		Debug|Any CPU = Debug|Any CPU
		Release|Any CPU = Release|Any CPU
	EndGlobalSection
	GlobalSection(ProjectConfigurationPlatforms) = postSolution
		{DE9B952E-53CB-41E3-9D8D-31673642B56D}.Debug|Any CPU.ActiveCfg = Debug|Any CPU
		{DE9B952E-53CB-41E3-9D8D-31673642B56D}.Debug|Any CPU.Build.0 = Debug|Any CPU
		{DE9B952E-53CB-41E3-9D8D-31673642B56D}.Release|Any CPU.ActiveCfg = Release|Any CPU
		{DE9B952E-53CB-41E3-9D8D-31673642B56D}.Release|Any CPU.Build.0 = Release|Any CPU
		{72CB31A6-2E61-43E1-91FB-28F4945FAD9B}.Debug|Any CPU.ActiveCfg = Debug|Any CPU
		{72CB31A6-2E61-43E1-91FB-28F4945FAD9B}.Debug|Any CPU.Build.0 = Debug|Any CPU
		{72CB31A6-2E61-43E1-91FB-28F4945FAD9B}.Release|Any CPU.ActiveCfg = Release|Any CPU
		{72CB31A6-2E61-43E1-91FB-28F4945FAD9B}.Release|Any CPU.Build.0 = Release|Any CPU
		{B4F6032A-AB93-4601-BBBA-4B784152E84D}.Debug|Any CPU.ActiveCfg = Debug|Any CPU
		{B4F6032A-AB93-4601-BBBA-4B784152E84D}.Debug|Any CPU.Build.0 = Debug|Any CPU
		{B4F6032A-AB93-4601-BBBA-4B784152E84D}.Release|Any CPU.ActiveCfg = Release|Any CPU
		{B4F6032A-AB93-4601-BBBA-4B784152E84D}.Release|Any CPU.Build.0 = Release|Any CPU
		{0C14523F-14FD-45C3-99E4-9B5B8157B720}.Debug|Any CPU.ActiveCfg = Debug|Any CPU
		{0C14523F-14FD-45C3-99E4-9B5B8157B720}.Debug|Any CPU.Build.0 = Debug|Any CPU
		{0C14523F-14FD-45C3-99E4-9B5B8157B720}.Release|Any CPU.ActiveCfg = Release|Any CPU
		{0C14523F-14FD-45C3-99E4-9B5B8157B720}.Release|Any CPU.Build.0 = Release|Any CPU
		{37D2850B-9377-48D7-AE49-818EE6A3EBE7}.Debug|Any CPU.ActiveCfg = Debug|Any CPU
		{37D2850B-9377-48D7-AE49-818EE6A3EBE7}.Debug|Any CPU.Build.0 = Debug|Any CPU
		{37D2850B-9377-48D7-AE49-818EE6A3EBE7}.Release|Any CPU.ActiveCfg = Release|Any CPU
		{37D2850B-9377-48D7-AE49-818EE6A3EBE7}.Release|Any CPU.Build.0 = Release|Any CPU
		{2EE7C4ED-EC99-4821-A280-B72D58C9EA6F}.Debug|Any CPU.ActiveCfg = Debug|Any CPU
		{2EE7C4ED-EC99-4821-A280-B72D58C9EA6F}.Debug|Any CPU.Build.0 = Debug|Any CPU
		{2EE7C4ED-EC99-4821-A280-B72D58C9EA6F}.Release|Any CPU.ActiveCfg = Release|Any CPU
		{2EE7C4ED-EC99-4821-A280-B72D58C9EA6F}.Release|Any CPU.Build.0 = Release|Any CPU
		{B7590312-1AAD-4D7A-9B3E-70444B463DCA}.Debug|Any CPU.ActiveCfg = Debug|Any CPU
		{B7590312-1AAD-4D7A-9B3E-70444B463DCA}.Debug|Any CPU.Build.0 = Debug|Any CPU
		{B7590312-1AAD-4D7A-9B3E-70444B463DCA}.Release|Any CPU.ActiveCfg = Release|Any CPU
		{B7590312-1AAD-4D7A-9B3E-70444B463DCA}.Release|Any CPU.Build.0 = Release|Any CPU
		{3DB999F5-2162-4056-BC68-E06228FF8B9F}.Debug|Any CPU.ActiveCfg = Debug|Any CPU
		{3DB999F5-2162-4056-BC68-E06228FF8B9F}.Debug|Any CPU.Build.0 = Debug|Any CPU
		{3DB999F5-2162-4056-BC68-E06228FF8B9F}.Release|Any CPU.ActiveCfg = Release|Any CPU
		{3DB999F5-2162-4056-BC68-E06228FF8B9F}.Release|Any CPU.Build.0 = Release|Any CPU
		{C15D1F83-3468-4398-A33F-0B4F00A325CA}.Debug|Any CPU.ActiveCfg = Debug|Any CPU
		{C15D1F83-3468-4398-A33F-0B4F00A325CA}.Debug|Any CPU.Build.0 = Debug|Any CPU
		{C15D1F83-3468-4398-A33F-0B4F00A325CA}.Release|Any CPU.ActiveCfg = Release|Any CPU
		{C15D1F83-3468-4398-A33F-0B4F00A325CA}.Release|Any CPU.Build.0 = Release|Any CPU
		{0846235E-C888-4C90-B958-F5BE24385ED4}.Debug|Any CPU.ActiveCfg = Debug|Any CPU
		{0846235E-C888-4C90-B958-F5BE24385ED4}.Debug|Any CPU.Build.0 = Debug|Any CPU
		{0846235E-C888-4C90-B958-F5BE24385ED4}.Release|Any CPU.ActiveCfg = Release|Any CPU
		{0846235E-C888-4C90-B958-F5BE24385ED4}.Release|Any CPU.Build.0 = Release|Any CPU
		{1119DF67-846C-4375-AE3E-489F733C25C6}.Debug|Any CPU.ActiveCfg = Debug
		{1119DF67-846C-4375-AE3E-489F733C25C6}.Release|Any CPU.ActiveCfg = Release
		{1119DF67-846C-4375-AE3E-489F733C25C6}.Release|Any CPU.Build.0 = Release
		{4EBC4DC2-5B01-4893-8AAD-8E2E40C7C435}.Debug|Any CPU.ActiveCfg = Debug
		{4EBC4DC2-5B01-4893-8AAD-8E2E40C7C435}.Release|Any CPU.ActiveCfg = Release
		{4EBC4DC2-5B01-4893-8AAD-8E2E40C7C435}.Release|Any CPU.Build.0 = Release
		{9B8E02FD-087F-476F-A04A-5C6E8A874C21}.Debug|Any CPU.ActiveCfg = Debug
		{9B8E02FD-087F-476F-A04A-5C6E8A874C21}.Release|Any CPU.ActiveCfg = Release
		{9B8E02FD-087F-476F-A04A-5C6E8A874C21}.Release|Any CPU.Build.0 = Release
		{B548B932-080F-480B-8AEA-290D108F68FE}.Debug|Any CPU.ActiveCfg = Debug|Any CPU
		{B548B932-080F-480B-8AEA-290D108F68FE}.Debug|Any CPU.Build.0 = Debug|Any CPU
		{B548B932-080F-480B-8AEA-290D108F68FE}.Release|Any CPU.ActiveCfg = Release|Any CPU
		{B548B932-080F-480B-8AEA-290D108F68FE}.Release|Any CPU.Build.0 = Release|Any CPU
		{81B70707-65B7-4C3F-BB72-4EE1C8E3E07C}.Debug|Any CPU.ActiveCfg = Debug|Any CPU
		{81B70707-65B7-4C3F-BB72-4EE1C8E3E07C}.Debug|Any CPU.Build.0 = Debug|Any CPU
		{81B70707-65B7-4C3F-BB72-4EE1C8E3E07C}.Release|Any CPU.ActiveCfg = Release|Any CPU
		{81B70707-65B7-4C3F-BB72-4EE1C8E3E07C}.Release|Any CPU.Build.0 = Release|Any CPU
	EndGlobalSection
	GlobalSection(SolutionProperties) = preSolution
		HideSolutionNode = FALSE
	EndGlobalSection
	GlobalSection(NestedProjects) = preSolution
		{F4C9A7B9-D566-4A52-BBD9-E42AAD0043EF} = {984FAC14-24E2-4EB8-A233-0DA394E117EE}
		{58D905EB-B2A4-43BD-918A-5FE7F2899AA8} = {984FAC14-24E2-4EB8-A233-0DA394E117EE}
		{1C69CDB1-7E14-4562-BA30-5795EEF6C5B6} = {984FAC14-24E2-4EB8-A233-0DA394E117EE}
	EndGlobalSection
EndGlobal
